
Microsoft Visual Studio Solution File, Format Version 12.00
# Visual Studio Version 17
VisualStudioVersion = 17.10.35004.147
MinimumVisualStudioVersion = 10.0.40219.1
Project("{FAE04EC0-301F-11D3-BF4B-00C04F79EFBC}") = "Draw.io", "Draw.io\Draw.io.csproj", "{4338EDAD-FB7C-4318-8AD8-0B727E815F84}"
EndProject
Global
	GlobalSection(SolutionConfigurationPlatforms) = preSolution
		Debug|Any CPU = Debug|Any CPU
		Release|Any CPU = Release|Any CPU
	EndGlobalSection
	GlobalSection(ProjectConfigurationPlatforms) = postSolution
		{4338EDAD-FB7C-4318-8AD8-0B727E815F84}.Debug|Any CPU.ActiveCfg = Debug|Any CPU
		{4338EDAD-FB7C-4318-8AD8-0B727E815F84}.Debug|Any CPU.Build.0 = Debug|Any CPU
		{4338EDAD-FB7C-4318-8AD8-0B727E815F84}.Release|Any CPU.ActiveCfg = Release|Any CPU
		{4338EDAD-FB7C-4318-8AD8-0B727E815F84}.Release|Any CPU.Build.0 = Release|Any CPU
	EndGlobalSection
	GlobalSection(SolutionProperties) = preSolution
		HideSolutionNode = FALSE
	EndGlobalSection
	GlobalSection(ExtensibilityGlobals) = postSolution
		SolutionGuid = {EB487BFE-CA9D-4533-B995-DAB133C896FA}
	EndGlobalSection
EndGlobal
